{
  "originHash" : "05909b18a9a09dd2b38fc7dc2bcdda22e5d677e563c40833cce35f0d94941521",
  "pins" : [
    {
      "identity" : "alamofire",
      "kind" : "remoteSourceControl",
      "location" : "https://github.com/Alamofire/Alamofire.git",
      "state" : {
        "revision" : "7be73f6c2b5cd90e40798b06ebd5da8f9f79cf88",
        "version" : "5.11.0"
      }
    },
    {
      "identity" : "kakao-ios-sdk",
      "kind" : "remoteSourceControl",
      "location" : "https://github.com/kakao/kakao-ios-sdk",
      "state" : {
        "revision" : "f04b5655f3528e8c21a0ff7db047eeb138135394",
        "version" : "2.26.0"
      }
    },
    {
      "identity" : "lottie-spm",
      "kind" : "remoteSourceControl",
      "location" : "https://github.com/airbnb/lottie-spm.git",
      "state" : {
        "revision" : "04f2fd18cc9404a0a0917265a449002674f24ec9",
        "version" : "4.5.2"
      }
    },
    {
      "identity" : "naveridlogin-sdk-ios-swift",
      "kind" : "remoteSourceControl",
      "location" : "https://github.com/naver/naveridlogin-sdk-ios-swift",
      "state" : {
        "revision" : "ad5d864497fda385f0e4bb5be8957a39391332f3",
        "version" : "5.1.0"
      }
    },
    {
      "identity" : "rxswift",
      "kind" : "remoteSourceControl",
      "location" : "https://github.com/ReactiveX/RxSwift",
      "state" : {
        "revision" : "5004a18539bd68905c5939aa893075f578f4f03d",
        "version" : "6.9.1"
      }
    }
  ],
  "version" : 3
}
